{
  "name": "subgameEQ",
  "lockfileVersion": 3,
  "requires": true,
  "packages": {
    "": {
      "dependencies": {
        "element-ui": "^2.15.14"
      }
    },
    "node_modules/.store/async-validator@1.8.5": {
      "extraneous": true
    },
    "node_modules/.store/babel-helper-vue-jsx-merge-props@2.0.3/node_modules/babel-helper-vue-jsx-merge-props": {
      "version": "2.0.3",
      "license": "MIT"
    },
    "node_modules/.store/babel-runtime@6.26.0": {},
    "node_modules/.store/babel-runtime@6.26.0/node_modules/babel-runtime": {
      "version": "6.26.0",
      "license": "MIT",
      "dependencies": {
        "core-js": "^2.4.0",
        "regenerator-runtime": "^0.11.0"
      }
    },
    "node_modules/.store/babel-runtime@6.26.0/node_modules/regenerator-runtime": {
      "resolved": "node_modules/.store/regenerator-runtime@0.11.1/node_modules/regenerator-runtime",
      "link": true
    },
    "node_modules/.store/core-js@2.6.12/node_modules/core-js": {
      "version": "2.6.12",
      "extraneous": true,
      "hasInstallScript": true,
      "license": "MIT",
      "devDependencies": {
        "es-observable-tests": "0.2.x",
        "eslint": "4.19.x",
        "eslint-plugin-import": "2.12.x",
        "grunt": "^1.0.2",
        "grunt-cli": "^1.2.0",
        "grunt-contrib-clean": "^1.1.0",
        "grunt-contrib-copy": "^1.0.0",
        "grunt-contrib-uglify": "3.3.x",
        "grunt-contrib-watch": "^1.0.0",
        "grunt-karma": "^2.0.0",
        "grunt-livescript": "0.6.x",
        "karma": "^2.0.0",
        "karma-chrome-launcher": "^2.2.0",
        "karma-firefox-launcher": "^1.0.1",
        "karma-ie-launcher": "^1.0.0",
        "karma-phantomjs-launcher": "1.0.x",
        "karma-qunit": "^2.1.0",
        "LiveScript": "1.3.x",
        "phantomjs-prebuilt": "2.1.x",
        "promises-aplus-tests": "^2.1.2",
        "qunit": "2.6.x",
        "temp": "^0.8.3",
        "webpack": "^3.11.0"
      }
    },
    "node_modules/.store/deepmerge@1.5.2/node_modules/deepmerge": {
      "version": "1.5.2",
      "extraneous": true,
      "license": "MIT",
      "devDependencies": {
        "is-mergeable-object": "1.1.0",
        "jsmd": "0.3.1",
        "rollup": "0.49.3",
        "rollup-plugin-commonjs": "8.2.1",
        "rollup-plugin-node-resolve": "3.0.0",
        "tap": "~7.1.2"
      },
      "engines": {
        "node": ">=0.10.0"
      }
    },
    "node_modules/.store/element-ui@2.15.3": {
      "extraneous": true
    },
    "node_modules/.store/normalize-wheel@1.0.1/node_modules/normalize-wheel": {
      "version": "1.0.1",
      "extraneous": true,
      "license": "BSD-3-Clause"
    },
    "node_modules/.store/regenerator-runtime@0.11.1/node_modules/regenerator-runtime": {
      "version": "0.11.1",
      "license": "MIT"
    },
    "node_modules/.store/resize-observer-polyfill@1.5.1/node_modules/resize-observer-polyfill": {
      "version": "1.5.1",
      "extraneous": true,
      "license": "MIT",
      "devDependencies": {
        "babel-eslint": "10.0.1",
        "cpy-cli": "2.0.0",
        "eslint": "5.10.0",
        "jasmine": "2.8.0",
        "jasmine-core": "2.8.0",
        "karma": "3.1.3",
        "karma-chrome-launcher": "2.2.0",
        "karma-firefox-launcher": "1.1.0",
        "karma-jasmine": "1.1.2",
        "karma-jasmine-html-reporter": "0.2.2",
        "karma-rollup-preprocessor": "6.1.1",
        "karma-sauce-launcher": "1.2.0",
        "karma-sourcemap-loader": "0.3.7",
        "karma-spec-reporter": "0.0.32",
        "promise-polyfill": "8.1.0",
        "rollup": "0.67.4",
        "rollup-plugin-typescript": "1.0.0",
        "typescript": "3.2.2"
      }
    },
    "node_modules/.store/throttle-debounce@1.1.0/node_modules/throttle-debounce": {
      "version": "1.1.0",
      "extraneous": true,
      "license": "MIT",
      "devDependencies": {
        "browserify": "^13.0.0",
        "eslint": "^1.10.3",
        "eslint-config-niksy": "^1.0.6",
        "karma": "^0.13.22",
        "karma-browserify": "^5.0.4",
        "karma-chrome-launcher": "^0.2.3",
        "karma-firefox-launcher": "^0.1.7",
        "karma-mocha-reporter": "^2.0.2",
        "karma-phantomjs-launcher": "^1.0.0",
        "karma-qunit": "^0.1.9",
        "mocha": "^2.4.5",
        "phantomjs-prebuilt": "^2.1.7",
        "qunitjs": "^1.23.1",
        "watchify": "^3.7.0"
      },
      "engines": {
        "node": ">=4"
      }
    },
    "node_modules/@babel/parser": {
      "version": "7.23.4",
      "resolved": "https://registry.npmjs.org/@babel/parser/-/parser-7.23.4.tgz",
      "integrity": "sha512-vf3Xna6UEprW+7t6EtOmFpHNAuxw3xqPZghy+brsnusscJRW5BMUzzHZc5ICjULee81WeUV2jjakG09MDglJXQ==",
      "peer": true,
      "bin": {
        "parser": "bin/babel-parser.js"
      },
      "engines": {
        "node": ">=6.0.0"
      }
    },
    "node_modules/@vue/compiler-sfc": {
      "version": "2.7.15",
      "resolved": "https://registry.npmjs.org/@vue/compiler-sfc/-/compiler-sfc-2.7.15.tgz",
      "integrity": "sha512-FCvIEevPmgCgqFBH7wD+3B97y7u7oj/Wr69zADBf403Tui377bThTjBvekaZvlRr4IwUAu3M6hYZeULZFJbdYg==",
      "peer": true,
      "dependencies": {
        "@babel/parser": "^7.18.4",
        "postcss": "^8.4.14",
        "source-map": "^0.6.1"
      }
    },
    "node_modules/async-validator": {
      "version": "1.8.5",
      "resolved": "https://registry.npmjs.org/async-validator/-/async-validator-1.8.5.tgz",
      "integrity": "sha512-tXBM+1m056MAX0E8TL2iCjg8WvSyXu0Zc8LNtYqrVeyoL3+esHRZ4SieE9fKQyyU09uONjnMEjrNBMqT0mbvmA==",
      "dependencies": {
        "babel-runtime": "6.x"
      }
    },
    "node_modules/babel-helper-vue-jsx-merge-props": {
      "resolved": "node_modules/.store/babel-helper-vue-jsx-merge-props@2.0.3/node_modules/babel-helper-vue-jsx-merge-props",
      "link": true
    },
    "node_modules/babel-runtime": {
      "resolved": "node_modules/.store/babel-runtime@6.26.0/node_modules/babel-runtime",
      "link": true
    },
    "node_modules/core-js": {
      "version": "2.6.12",
      "resolved": "https://registry.npmjs.org/core-js/-/core-js-2.6.12.tgz",
      "integrity": "sha512-Kb2wC0fvsWfQrgk8HU5lW6U/Lcs8+9aaYcy4ZFc6DDlo4nZ7n70dEgE5rtR0oG6ufKDUnrwfWL1mXR5ljDatrQ==",
      "deprecated": "core-js@<3.23.3 is no longer maintained and not recommended for usage due to the number of issues. Because of the V8 engine whims, feature detection in old core-js versions could cause a slowdown up to 100x even if nothing is polyfilled. Some versions have web compatibility issues. Please, upgrade your dependencies to the actual version of core-js.",
      "hasInstallScript": true
    },
    "node_modules/csstype": {
      "version": "3.1.2",
      "resolved": "https://registry.npmjs.org/csstype/-/csstype-3.1.2.tgz",
      "integrity": "sha512-I7K1Uu0MBPzaFKg4nI5Q7Vs2t+3gWWW648spaF+Rg7pI9ds18Ugn+lvg4SHczUdKlHI5LWBXyqfS8+DufyBsgQ==",
      "peer": true
    },
    "node_modules/deepmerge": {
      "version": "1.5.2",
      "resolved": "https://registry.npmjs.org/deepmerge/-/deepmerge-1.5.2.tgz",
      "integrity": "sha512-95k0GDqvBjZavkuvzx/YqVLv/6YYa17fz6ILMSf7neqQITCPbnfEnQvEgMPNjH4kgobe7+WIL0yJEHku+H3qtQ==",
      "engines": {
        "node": ">=0.10.0"
      }
    },
    "node_modules/element-ui": {
      "version": "2.15.14",
      "resolved": "https://registry.npmjs.org/element-ui/-/element-ui-2.15.14.tgz",
      "integrity": "sha512-2v9fHL0ZGINotOlRIAJD5YuVB8V7WKxrE9Qy7dXhRipa035+kF7WuU/z+tEmLVPBcJ0zt8mOu1DKpWcVzBK8IA==",
      "dependencies": {
        "async-validator": "~1.8.1",
        "babel-helper-vue-jsx-merge-props": "^2.0.0",
        "deepmerge": "^1.2.0",
        "normalize-wheel": "^1.0.1",
        "resize-observer-polyfill": "^1.5.0",
        "throttle-debounce": "^1.0.1"
      },
      "peerDependencies": {
        "vue": "^2.5.17"
      }
    },
    "node_modules/nanoid": {
      "version": "3.3.7",
      "resolved": "https://registry.npmjs.org/nanoid/-/nanoid-3.3.7.tgz",
      "integrity": "sha512-eSRppjcPIatRIMC1U6UngP8XFcz8MQWGQdt1MTBQ7NaAmvXDfvNxbvWV3x2y6CdEUciCSsDHDQZbhYaB8QEo2g==",
      "funding": [
        {
          "type": "github",
          "url": "https://github.com/sponsors/ai"
        }
      ],
      "peer": true,
      "bin": {
        "nanoid": "bin/nanoid.cjs"
      },
      "engines": {
        "node": "^10 || ^12 || ^13.7 || ^14 || >=15.0.1"
      }
    },
    "node_modules/normalize-wheel": {
      "version": "1.0.1",
      "resolved": "https://registry.npmjs.org/normalize-wheel/-/normalize-wheel-1.0.1.tgz",
      "integrity": "sha512-1OnlAPZ3zgrk8B91HyRj+eVv+kS5u+Z0SCsak6Xil/kmgEia50ga7zfkumayonZrImffAxPU/5WcyGhzetHNPA=="
    },
    "node_modules/picocolors": {
      "version": "1.0.0",
      "resolved": "https://registry.npmjs.org/picocolors/-/picocolors-1.0.0.tgz",
      "integrity": "sha512-1fygroTLlHu66zi26VoTDv8yRgm0Fccecssto+MhsZ0D/DGW2sm8E8AjW7NU5VVTRt5GxbeZ5qBuJr+HyLYkjQ==",
      "peer": true
    },
    "node_modules/postcss": {
      "version": "8.4.31",
      "resolved": "https://registry.npmjs.org/postcss/-/postcss-8.4.31.tgz",
      "integrity": "sha512-PS08Iboia9mts/2ygV3eLpY5ghnUcfLV/EXTOW1E2qYxJKGGBUtNjN76FYHnMs36RmARn41bC0AZmn+rR0OVpQ==",
      "funding": [
        {
          "type": "opencollective",
          "url": "https://opencollective.com/postcss/"
        },
        {
          "type": "tidelift",
          "url": "https://tidelift.com/funding/github/npm/postcss"
        },
        {
          "type": "github",
          "url": "https://github.com/sponsors/ai"
        }
      ],
      "peer": true,
      "dependencies": {
        "nanoid": "^3.3.6",
        "picocolors": "^1.0.0",
        "source-map-js": "^1.0.2"
      },
      "engines": {
        "node": "^10 || ^12 || >=14"
      }
    },
    "node_modules/resize-observer-polyfill": {
      "version": "1.5.1",
      "resolved": "https://registry.npmjs.org/resize-observer-polyfill/-/resize-observer-polyfill-1.5.1.tgz",
      "integrity": "sha512-LwZrotdHOo12nQuZlHEmtuXdqGoOD0OhaxopaNFxWzInpEgaLWoVuAMbTzixuosCx2nEG58ngzW3vxdWoxIgdg=="
    },
    "node_modules/source-map": {
      "version": "0.6.1",
      "resolved": "https://registry.npmjs.org/source-map/-/source-map-0.6.1.tgz",
      "integrity": "sha512-UjgapumWlbMhkBgzT7Ykc5YXUT46F0iKu8SGXq0bcwP5dz/h0Plj6enJqjz1Zbq2l5WaqYnrVbwWOWMyF3F47g==",
      "peer": true,
      "engines": {
        "node": ">=0.10.0"
      }
    },
    "node_modules/source-map-js": {
      "version": "1.0.2",
      "resolved": "https://registry.npmjs.org/source-map-js/-/source-map-js-1.0.2.tgz",
      "integrity": "sha512-R0XvVJ9WusLiqTCEiGCmICCMplcCkIwwR11mOSD9CR5u+IXYdiseeEuXCVAjS54zqwkLcPNnmU4OeJ6tUrWhDw==",
      "peer": true,
      "engines": {
        "node": ">=0.10.0"
      }
    },
    "node_modules/throttle-debounce": {
      "version": "1.1.0",
      "resolved": "https://registry.npmjs.org/throttle-debounce/-/throttle-debounce-1.1.0.tgz",
      "integrity": "sha512-XH8UiPCQcWNuk2LYePibW/4qL97+ZQ1AN3FNXwZRBNPPowo/NRU5fAlDCSNBJIYCKbioZfuYtMhG4quqoJhVzg==",
      "engines": {
        "node": ">=4"
      }
    },
    "node_modules/vue": {
      "version": "2.7.15",
      "resolved": "https://registry.npmjs.org/vue/-/vue-2.7.15.tgz",
      "integrity": "sha512-a29fsXd2G0KMRqIFTpRgpSbWaNBK3lpCTOLuGLEDnlHWdjB8fwl6zyYZ8xCrqkJdatwZb4mGHiEfJjnw0Q6AwQ==",
      "peer": true,
      "dependencies": {
        "@vue/compiler-sfc": "2.7.15",
        "csstype": "^3.1.0"
      }
    }
  }
}
